// !$*UTF8*$!
{
	archiveVersion = 1;
	classes = {
	};
	objectVersion = 51;
	objects = {

/* Begin PBXBuildFile section */
		0B2A9A582552084F003CCD65 /* DatabaseManager.swift in Sources */ = {isa = PBXBuildFile; fileRef = 0B2A9A572552084F003CCD65 /* DatabaseManager.swift */; };
		0B2A9A6425520908003CCD65 /* CuotaPendiente.swift in Sources */ = {isa = PBXBuildFile; fileRef = 0B2A9A5B255208FE003CCD65 /* CuotaPendiente.swift */; };
		0B2A9A6525520908003CCD65 /* Usuario.swift in Sources */ = {isa = PBXBuildFile; fileRef = 0B2A9A5C255208FF003CCD65 /* Usuario.swift */; };
		0B2A9A6625520908003CCD65 /* EstadoDeCuenta.swift in Sources */ = {isa = PBXBuildFile; fileRef = 0B2A9A5D25520901003CCD65 /* EstadoDeCuenta.swift */; };
		0B2A9A6725520908003CCD65 /* CuotaPagada.swift in Sources */ = {isa = PBXBuildFile; fileRef = 0B2A9A5E25520902003CCD65 /* CuotaPagada.swift */; };
		0B2A9A6825520908003CCD65 /* Alumno.swift in Sources */ = {isa = PBXBuildFile; fileRef = 0B2A9A5F25520903003CCD65 /* Alumno.swift */; };
		0B2A9A6925520908003CCD65 /* Calificacion.swift in Sources */ = {isa = PBXBuildFile; fileRef = 0B2A9A6025520904003CCD65 /* Calificacion.swift */; };
		0B2A9A6A25520908003CCD65 /* Avisos.swift in Sources */ = {isa = PBXBuildFile; fileRef = 0B2A9A6125520906003CCD65 /* Avisos.swift */; };
		0B2A9A6B25520908003CCD65 /* Eventos.swift in Sources */ = {isa = PBXBuildFile; fileRef = 0B2A9A6225520907003CCD65 /* Eventos.swift */; };
		0B2A9A6C25520908003CCD65 /* Materias.swift in Sources */ = {isa = PBXBuildFile; fileRef = 0B2A9A6325520908003CCD65 /* Materias.swift */; };
		0B3CD2E32551E02A00828586 /* AppDelegate.swift in Sources */ = {isa = PBXBuildFile; fileRef = 0B3CD2E22551E02A00828586 /* AppDelegate.swift */; };
		0B3CD2E52551E02A00828586 /* SceneDelegate.swift in Sources */ = {isa = PBXBuildFile; fileRef = 0B3CD2E42551E02A00828586 /* SceneDelegate.swift */; };
		0B3CD2E72551E02A00828586 /* ViewController.swift in Sources */ = {isa = PBXBuildFile; fileRef = 0B3CD2E62551E02A00828586 /* ViewController.swift */; };
		0B3CD2EA2551E02A00828586 /* Main.storyboard in Resources */ = {isa = PBXBuildFile; fileRef = 0B3CD2E82551E02A00828586 /* Main.storyboard */; };
		0B3CD2EC2551E02B00828586 /* Assets.xcassets in Resources */ = {isa = PBXBuildFile; fileRef = 0B3CD2EB2551E02B00828586 /* Assets.xcassets */; };
		0B3CD2EF2551E02B00828586 /* LaunchScreen.storyboard in Resources */ = {isa = PBXBuildFile; fileRef = 0B3CD2ED2551E02B00828586 /* LaunchScreen.storyboard */; };
		0B3CD2F72551E2EB00828586 /* GoogleService-Info.plist in Resources */ = {isa = PBXBuildFile; fileRef = 0B3CD2F62551E2EB00828586 /* GoogleService-Info.plist */; };
		5C682C909474694313496322 /* Pods_desdeCero.framework in Frameworks */ = {isa = PBXBuildFile; fileRef = BFCC0FF1D69923CA3A14193E /* Pods_desdeCero.framework */; };
/* End PBXBuildFile section */

/* Begin PBXFileReference section */
		0B2A9A572552084F003CCD65 /* DatabaseManager.swift */ = {isa = PBXFileReference; lastKnownFileType = sourcecode.swift; path = DatabaseManager.swift; sourceTree = "<group>"; };
		0B2A9A5B255208FE003CCD65 /* CuotaPendiente.swift */ = {isa = PBXFileReference; fileEncoding = 4; lastKnownFileType = sourcecode.swift; path = CuotaPendiente.swift; sourceTree = "<group>"; };
		0B2A9A5C255208FF003CCD65 /* Usuario.swift */ = {isa = PBXFileReference; fileEncoding = 4; lastKnownFileType = sourcecode.swift; path = Usuario.swift; sourceTree = "<group>"; };
		0B2A9A5D25520901003CCD65 /* EstadoDeCuenta.swift */ = {isa = PBXFileReference; fileEncoding = 4; lastKnownFileType = sourcecode.swift; path = EstadoDeCuenta.swift; sourceTree = "<group>"; };
		0B2A9A5E25520902003CCD65 /* CuotaPagada.swift */ = {isa = PBXFileReference; fileEncoding = 4; lastKnownFileType = sourcecode.swift; path = CuotaPagada.swift; sourceTree = "<group>"; };
		0B2A9A5F25520903003CCD65 /* Alumno.swift */ = {isa = PBXFileReference; fileEncoding = 4; lastKnownFileType = sourcecode.swift; path = Alumno.swift; sourceTree = "<group>"; };
		0B2A9A6025520904003CCD65 /* Calificacion.swift */ = {isa = PBXFileReference; fileEncoding = 4; lastKnownFileType = sourcecode.swift; path = Calificacion.swift; sourceTree = "<group>"; };
		0B2A9A6125520906003CCD65 /* Avisos.swift */ = {isa = PBXFileReference; fileEncoding = 4; lastKnownFileType = sourcecode.swift; path = Avisos.swift; sourceTree = "<group>"; };
		0B2A9A6225520907003CCD65 /* Eventos.swift */ = {isa = PBXFileReference; fileEncoding = 4; lastKnownFileType = sourcecode.swift; path = Eventos.swift; sourceTree = "<group>"; };
		0B2A9A6325520908003CCD65 /* Materias.swift */ = {isa = PBXFileReference; fileEncoding = 4; lastKnownFileType = sourcecode.swift; path = Materias.swift; sourceTree = "<group>"; };
		0B3CD2DF2551E02A00828586 /* desdeCero.app */ = {isa = PBXFileReference; explicitFileType = wrapper.application; includeInIndex = 0; path = desdeCero.app; sourceTree = BUILT_PRODUCTS_DIR; };
		0B3CD2E22551E02A00828586 /* AppDelegate.swift */ = {isa = PBXFileReference; lastKnownFileType = sourcecode.swift; path = AppDelegate.swift; sourceTree = "<group>"; };
		0B3CD2E42551E02A00828586 /* SceneDelegate.swift */ = {isa = PBXFileReference; lastKnownFileType = sourcecode.swift; path = SceneDelegate.swift; sourceTree = "<group>"; };
		0B3CD2E62551E02A00828586 /* ViewController.swift */ = {isa = PBXFileReference; lastKnownFileType = sourcecode.swift; path = ViewController.swift; sourceTree = "<group>"; };
		0B3CD2E92551E02A00828586 /* Base */ = {isa = PBXFileReference; lastKnownFileType = file.storyboard; name = Base; path = Base.lproj/Main.storyboard; sourceTree = "<group>"; };
		0B3CD2EB2551E02B00828586 /* Assets.xcassets */ = {isa = PBXFileReference; lastKnownFileType = folder.assetcatalog; path = Assets.xcassets; sourceTree = "<group>"; };
		0B3CD2EE2551E02B00828586 /* Base */ = {isa = PBXFileReference; lastKnownFileType = file.storyboard; name = Base; path = Base.lproj/LaunchScreen.storyboard; sourceTree = "<group>"; };
		0B3CD2F02551E02B00828586 /* Info.plist */ = {isa = PBXFileReference; lastKnownFileType = text.plist.xml; path = Info.plist; sourceTree = "<group>"; };
		0B3CD2F62551E2EB00828586 /* GoogleService-Info.plist */ = {isa = PBXFileReference; fileEncoding = 4; lastKnownFileType = text.plist.xml; path = "GoogleService-Info.plist"; sourceTree = "<group>"; };
		672387C61E58B275255FBCA1 /* Pods-desdeCero.release.xcconfig */ = {isa = PBXFileReference; includeInIndex = 1; lastKnownFileType = text.xcconfig; name = "Pods-desdeCero.release.xcconfig"; path = "Target Support Files/Pods-desdeCero/Pods-desdeCero.release.xcconfig"; sourceTree = "<group>"; };
		8799B8F664BC644F9A6CECC3 /* Pods-desdeCero.debug.xcconfig */ = {isa = PBXFileReference; includeInIndex = 1; lastKnownFileType = text.xcconfig; name = "Pods-desdeCero.debug.xcconfig"; path = "Target Support Files/Pods-desdeCero/Pods-desdeCero.debug.xcconfig"; sourceTree = "<group>"; };
		BFCC0FF1D69923CA3A14193E /* Pods_desdeCero.framework */ = {isa = PBXFileReference; explicitFileType = wrapper.framework; includeInIndex = 0; path = Pods_desdeCero.framework; sourceTree = BUILT_PRODUCTS_DIR; };
/* End PBXFileReference section */

/* Begin PBXFrameworksBuildPhase section */
		0B3CD2DC2551E02A00828586 /* Frameworks */ = {
			isa = PBXFrameworksBuildPhase;
			buildActionMask = 2147483647;
			files = (
				5C682C909474694313496322 /* Pods_desdeCero.framework in Frameworks */,
			);
			runOnlyForDeploymentPostprocessing = 0;
		};
/* End PBXFrameworksBuildPhase section */

/* Begin PBXGroup section */
		0B2A9A5625520826003CCD65 /* Helpers */ = {
			isa = PBXGroup;
			children = (
				0B2A9A572552084F003CCD65 /* DatabaseManager.swift */,
			);
			path = Helpers;
			sourceTree = "<group>";
		};
		0B2A9A5A255208D0003CCD65 /* Modelo */ = {
			isa = PBXGroup;
			children = (
				0B2A9A5F25520903003CCD65 /* Alumno.swift */,
				0B2A9A6125520906003CCD65 /* Avisos.swift */,
				0B2A9A6025520904003CCD65 /* Calificacion.swift */,
				0B2A9A5E25520902003CCD65 /* CuotaPagada.swift */,
				0B2A9A5B255208FE003CCD65 /* CuotaPendiente.swift */,
				0B2A9A5D25520901003CCD65 /* EstadoDeCuenta.swift */,
				0B2A9A6225520907003CCD65 /* Eventos.swift */,
				0B2A9A6325520908003CCD65 /* Materias.swift */,
				0B2A9A5C255208FF003CCD65 /* Usuario.swift */,
			);
			path = Modelo;
			sourceTree = "<group>";
		};
		0B3CD2D62551E02900828586 = {
			isa = PBXGroup;
			children = (
				0B3CD2E12551E02A00828586 /* desdeCero */,
				0B3CD2E02551E02A00828586 /* Products */,
				5EA87A693651DB513A8F55B2 /* Pods */,
				AA52E805EDECCA8A66960983 /* Frameworks */,
			);
			sourceTree = "<group>";
		};
		0B3CD2E02551E02A00828586 /* Products */ = {
			isa = PBXGroup;
			children = (
				0B3CD2DF2551E02A00828586 /* desdeCero.app */,
			);
			name = Products;
			sourceTree = "<group>";
		};
		0B3CD2E12551E02A00828586 /* desdeCero */ = {
			isa = PBXGroup;
			children = (
				0B2A9A5A255208D0003CCD65 /* Modelo */,
				0B2A9A5625520826003CCD65 /* Helpers */,
				0B3CD2E22551E02A00828586 /* AppDelegate.swift */,
				0B3CD2E42551E02A00828586 /* SceneDelegate.swift */,
				0B3CD2E62551E02A00828586 /* ViewController.swift */,
				0B3CD2E82551E02A00828586 /* Main.storyboard */,
				0B3CD2EB2551E02B00828586 /* Assets.xcassets */,
				0B3CD2F62551E2EB00828586 /* GoogleService-Info.plist */,
				0B3CD2ED2551E02B00828586 /* LaunchScreen.storyboard */,
				0B3CD2F02551E02B00828586 /* Info.plist */,
			);
			path = desdeCero;
			sourceTree = "<group>";
		};
		5EA87A693651DB513A8F55B2 /* Pods */ = {
			isa = PBXGroup;
			children = (
				8799B8F664BC644F9A6CECC3 /* Pods-desdeCero.debug.xcconfig */,
				672387C61E58B275255FBCA1 /* Pods-desdeCero.release.xcconfig */,
			);
			path = Pods;
			sourceTree = "<group>";
		};
		AA52E805EDECCA8A66960983 /* Frameworks */ = {
			isa = PBXGroup;
			children = (
				BFCC0FF1D69923CA3A14193E /* Pods_desdeCero.framework */,
			);
			name = Frameworks;
			sourceTree = "<group>";
		};
/* End PBXGroup section */

/* Begin PBXNativeTarget section */
		0B3CD2DE2551E02A00828586 /* desdeCero */ = {
			isa = PBXNativeTarget;
			buildConfigurationList = 0B3CD2F32551E02B00828586 /* Build configuration list for PBXNativeTarget "desdeCero" */;
			buildPhases = (
				F030AE315E63EDBC06BEE021 /* [CP] Check Pods Manifest.lock */,
				0B3CD2DB2551E02A00828586 /* Sources */,
				0B3CD2DC2551E02A00828586 /* Frameworks */,
				0B3CD2DD2551E02A00828586 /* Resources */,
				C74E0CD744FDEE0508A02433 /* [CP] Embed Pods Frameworks */,
			);
			buildRules = (
			);
			dependencies = (
			);
			name = desdeCero;
			productName = desdeCero;
			productReference = 0B3CD2DF2551E02A00828586 /* desdeCero.app */;
			productType = "com.apple.product-type.application";
		};
/* End PBXNativeTarget section */

/* Begin PBXProject section */
		0B3CD2D72551E02900828586 /* Project object */ = {
			isa = PBXProject;
			attributes = {
				LastSwiftUpdateCheck = 1170;
				LastUpgradeCheck = 1170;
				ORGANIZATIONNAME = "Gaby Corona";
				TargetAttributes = {
					0B3CD2DE2551E02A00828586 = {
						CreatedOnToolsVersion = 11.7;
					};
				};
			};
			buildConfigurationList = 0B3CD2DA2551E02900828586 /* Build configuration list for PBXProject "desdeCero" */;
			compatibilityVersion = "Xcode 9.3";
			developmentRegion = en;
			hasScannedForEncodings = 0;
			knownRegions = (
				en,
				Base,
			);
			mainGroup = 0B3CD2D62551E02900828586;
			productRefGroup = 0B3CD2E02551E02A00828586 /* Products */;
			projectDirPath = "";
			projectRoot = "";
			targets = (
				0B3CD2DE2551E02A00828586 /* desdeCero */,
			);
		};
/* End PBXProject section */

/* Begin PBXResourcesBuildPhase section */
		0B3CD2DD2551E02A00828586 /* Resources */ = {
			isa = PBXResourcesBuildPhase;
			buildActionMask = 2147483647;
			files = (
				0B3CD2EF2551E02B00828586 /* LaunchScreen.storyboard in Resources */,
				0B3CD2F72551E2EB00828586 /* GoogleService-Info.plist in Resources */,
				0B3CD2EC2551E02B00828586 /* Assets.xcassets in Resources */,
				0B3CD2EA2551E02A00828586 /* Main.storyboard in Resources */,
			);
			runOnlyForDeploymentPostprocessing = 0;
		};
/* End PBXResourcesBuildPhase section */

/* Begin PBXShellScriptBuildPhase section */
		C74E0CD744FDEE0508A02433 /* [CP] Embed Pods Frameworks */ = {
			isa = PBXShellScriptBuildPhase;
			buildActionMask = 2147483647;
			files = (
			);
			inputFileListPaths = (
				"${PODS_ROOT}/Target Support Files/Pods-desdeCero/Pods-desdeCero-frameworks-${CONFIGURATION}-input-files.xcfilelist",
			);
			name = "[CP] Embed Pods Frameworks";
			outputFileListPaths = (
				"${PODS_ROOT}/Target Support Files/Pods-desdeCero/Pods-desdeCero-frameworks-${CONFIGURATION}-output-files.xcfilelist",
			);
			runOnlyForDeploymentPostprocessing = 0;
			shellPath = /bin/sh;
			shellScript = "\"${PODS_ROOT}/Target Support Files/Pods-desdeCero/Pods-desdeCero-frameworks.sh\"\n";
			showEnvVarsInLog = 0;
		};
		F030AE315E63EDBC06BEE021 /* [CP] Check Pods Manifest.lock */ = {
			isa = PBXShellScriptBuildPhase;
			buildActionMask = 2147483647;
			files = (
			);
			inputFileListPaths = (
			);
			inputPaths = (
				"${PODS_PODFILE_DIR_PATH}/Podfile.lock",
				"${PODS_ROOT}/Manifest.lock",
			);
			name = "[CP] Check Pods Manifest.lock";
			outputFileListPaths = (
			);
			outputPaths = (
				"$(DERIVED_FILE_DIR)/Pods-desdeCero-checkManifestLockResult.txt",
			);
			runOnlyForDeploymentPostprocessing = 0;
			shellPath = /bin/sh;
			shellScript = "diff \"${PODS_PODFILE_DIR_PATH}/Podfile.lock\" \"${PODS_ROOT}/Manifest.lock\" > /dev/null\nif [ $? != 0 ] ; then\n    # print error to STDERR\n    echo \"error: The sandbox is not in sync with the Podfile.lock. Run 'pod install' or update your CocoaPods installation.\" >&2\n    exit 1\nfi\n# This output is used by Xcode 'outputs' to avoid re-running this script phase.\necho \"SUCCESS\" > \"${SCRIPT_OUTPUT_FILE_0}\"\n";
			showEnvVarsInLog = 0;
		};
/* End PBXShellScriptBuildPhase section */

/* Begin PBXSourcesBuildPhase section */
		0B3CD2DB2551E02A00828586 /* Sources */ = {
			isa = PBXSourcesBuildPhase;
			buildActionMask = 2147483647;
			files = (
				0B2A9A582552084F003CCD65 /* DatabaseManager.swift in Sources */,
				0B2A9A6825520908003CCD65 /* Alumno.swift in Sources */,
				0B3CD2E72551E02A00828586 /* ViewController.swift in Sources */,
				0B2A9A6525520908003CCD65 /* Usuario.swift in Sources */,
				0B3CD2E32551E02A00828586 /* AppDelegate.swift in Sources */,
				0B2A9A6A25520908003CCD65 /* Avisos.swift in Sources */,
				0B2A9A6625520908003CCD65 /* EstadoDeCuenta.swift in Sources */,
				0B2A9A6925520908003CCD65 /* Calificacion.swift in Sources */,
				0B2A9A6C25520908003CCD65 /* Materias.swift in Sources */,
				0B2A9A6B25520908003CCD65 /* Eventos.swift in Sources */,
				0B2A9A6425520908003CCD65 /* CuotaPendiente.swift in Sources */,
				0B2A9A6725520908003CCD65 /* CuotaPagada.swift in Sources */,
				0B3CD2E52551E02A00828586 /* SceneDelegate.swift in Sources */,
			);
			runOnlyForDeploymentPostprocessing = 0;
		};
/* End PBXSourcesBuildPhase section */

/* Begin PBXVariantGroup section */
		0B3CD2E82551E02A00828586 /* Main.storyboard */ = {
			isa = PBXVariantGroup;
			children = (
				0B3CD2E92551E02A00828586 /* Base */,
			);
			name = Main.storyboard;
			sourceTree = "<group>";
		};
		0B3CD2ED2551E02B00828586 /* LaunchScreen.storyboard */ = {
			isa = PBXVariantGroup;
			children = (
				0B3CD2EE2551E02B00828586 /* Base */,
			);
			name = LaunchScreen.storyboard;
			sourceTree = "<group>";
		};
/* End PBXVariantGroup section */

/* Begin XCBuildConfiguration section */
		0B3CD2F12551E02B00828586 /* Debug */ = {
			isa = XCBuildConfiguration;
			buildSettings = {
				ALWAYS_SEARCH_USER_PATHS = NO;
				CLANG_ANALYZER_NONNULL = YES;
				CLANG_ANALYZER_NUMBER_OBJECT_CONVERSION = YES_AGGRESSIVE;
				CLANG_CXX_LANGUAGE_STANDARD = "gnu++14";
				CLANG_CXX_LIBRARY = "libc++";
				CLANG_ENABLE_MODULES = YES;
				CLANG_ENABLE_OBJC_ARC = YES;
				CLANG_ENABLE_OBJC_WEAK = YES;
				CLANG_WARN_BLOCK_CAPTURE_AUTORELEASING = YES;
				CLANG_WARN_BOOL_CONVERSION = YES;
				CLANG_WARN_COMMA = YES;
				CLANG_WARN_CONSTANT_CONVERSION = YES;
				CLANG_WARN_DEPRECATED_OBJC_IMPLEMENTATIONS = YES;
				CLANG_WARN_DIRECT_OBJC_ISA_USAGE = YES_ERROR;
				CLANG_WARN_DOCUMENTATION_COMMENTS = YES;
				CLANG_WARN_EMPTY_BODY = YES;
				CLANG_WARN_ENUM_CONVERSION = YES;
				CLANG_WARN_INFINITE_RECURSION = YES;
				CLANG_WARN_INT_CONVERSION = YES;
				CLANG_WARN_NON_LITERAL_NULL_CONVERSION = YES;
				CLANG_WARN_OBJC_IMPLICIT_RETAIN_SELF = YES;
				CLANG_WARN_OBJC_LITERAL_CONVERSION = YES;
				CLANG_WARN_OBJC_ROOT_CLASS = YES_ERROR;
				CLANG_WARN_RANGE_LOOP_ANALYSIS = YES;
				CLANG_WARN_STRICT_PROTOTYPES = YES;
				CLANG_WARN_SUSPICIOUS_MOVE = YES;
				CLANG_WARN_UNGUARDED_AVAILABILITY = YES_AGGRESSIVE;
				CLANG_WARN_UNREACHABLE_CODE = YES;
				CLANG_WARN__DUPLICATE_METHOD_MATCH = YES;
				COPY_PHASE_STRIP = NO;
				DEBUG_INFORMATION_FORMAT = dwarf;
				ENABLE_STRICT_OBJC_MSGSEND = YES;
				ENABLE_TESTABILITY = YES;
				GCC_C_LANGUAGE_STANDARD = gnu11;
				GCC_DYNAMIC_NO_PIC = NO;
				GCC_NO_COMMON_BLOCKS = YES;
				GCC_OPTIMIZATION_LEVEL = 0;
				GCC_PREPROCESSOR_DEFINITIONS = (
					"DEBUG=1",
					"$(inherited)",
				);
				GCC_WARN_64_TO_32_BIT_CONVERSION = YES;
				GCC_WARN_ABOUT_RETURN_TYPE = YES_ERROR;
				GCC_WARN_UNDECLARED_SELECTOR = YES;
				GCC_WARN_UNINITIALIZED_AUTOS = YES_AGGRESSIVE;
				GCC_WARN_UNUSED_FUNCTION = YES;
				GCC_WARN_UNUSED_VARIABLE = YES;
				IPHONEOS_DEPLOYMENT_TARGET = 13.7;
				MTL_ENABLE_DEBUG_INFO = INCLUDE_SOURCE;
				MTL_FAST_MATH = YES;
				ONLY_ACTIVE_ARCH = YES;
				SDKROOT = iphoneos;
				SWIFT_ACTIVE_COMPILATION_CONDITIONS = DEBUG;
				SWIFT_OPTIMIZATION_LEVEL = "-Onone";
			};
			name = Debug;
		};
		0B3CD2F22551E02B00828586 /* Release */ = {
			isa = XCBuildConfiguration;
			buildSettings = {
				ALWAYS_SEARCH_USER_PATHS = NO;
				CLANG_ANALYZER_NONNULL = YES;
				CLANG_ANALYZER_NUMBER_OBJECT_CONVERSION = YES_AGGRESSIVE;
				CLANG_CXX_LANGUAGE_STANDARD = "gnu++14";
				CLANG_CXX_LIBRARY = "libc++";
				CLANG_ENABLE_MODULES = YES;
				CLANG_ENABLE_OBJC_ARC = YES;
				CLANG_ENABLE_OBJC_WEAK = YES;
				CLANG_WARN_BLOCK_CAPTURE_AUTORELEASING = YES;
				CLANG_WARN_BOOL_CONVERSION = YES;
				CLANG_WARN_COMMA = YES;
				CLANG_WARN_CONSTANT_CONVERSION = YES;
				CLANG_WARN_DEPRECATED_OBJC_IMPLEMENTATIONS = YES;
				CLANG_WARN_DIRECT_OBJC_ISA_USAGE = YES_ERROR;
				CLANG_WARN_DOCUMENTATION_COMMENTS = YES;
				CLANG_WARN_EMPTY_BODY = YES;
				CLANG_WARN_ENUM_CONVERSION = YES;
				CLANG_WARN_INFINITE_RECURSION = YES;
				CLANG_WARN_INT_CONVERSION = YES;
				CLANG_WARN_NON_LITERAL_NULL_CONVERSION = YES;
				CLANG_WARN_OBJC_IMPLICIT_RETAIN_SELF = YES;
				CLANG_WARN_OBJC_LITERAL_CONVERSION = YES;
				CLANG_WARN_OBJC_ROOT_CLASS = YES_ERROR;
				CLANG_WARN_RANGE_LOOP_ANALYSIS = YES;
				CLANG_WARN_STRICT_PROTOTYPES = YES;
				CLANG_WARN_SUSPICIOUS_MOVE = YES;
				CLANG_WARN_UNGUARDED_AVAILABILITY = YES_AGGRESSIVE;
				CLANG_WARN_UNREACHABLE_CODE = YES;
				CLANG_WARN__DUPLICATE_METHOD_MATCH = YES;
				COPY_PHASE_STRIP = NO;
				DEBUG_INFORMATION_FORMAT = "dwarf-with-dsym";
				ENABLE_NS_ASSERTIONS = NO;
				ENABLE_STRICT_OBJC_MSGSEND = YES;
				GCC_C_LANGUAGE_STANDARD = gnu11;
				GCC_NO_COMMON_BLOCKS = YES;
				GCC_WARN_64_TO_32_BIT_CONVERSION = YES;
				GCC_WARN_ABOUT_RETURN_TYPE = YES_ERROR;
				GCC_WARN_UNDECLARED_SELECTOR = YES;
				GCC_WARN_UNINITIALIZED_AUTOS = YES_AGGRESSIVE;
				GCC_WARN_UNUSED_FUNCTION = YES;
				GCC_WARN_UNUSED_VARIABLE = YES;
				IPHONEOS_DEPLOYMENT_TARGET = 13.7;
				MTL_ENABLE_DEBUG_INFO = NO;
				MTL_FAST_MATH = YES;
				SDKROOT = iphoneos;
				SWIFT_COMPILATION_MODE = wholemodule;
				SWIFT_OPTIMIZATION_LEVEL = "-O";
				VALIDATE_PRODUCT = YES;
			};
			name = Release;
		};
		0B3CD2F42551E02B00828586 /* Debug */ = {
			isa = XCBuildConfiguration;
			baseConfigurationReference = 8799B8F664BC644F9A6CECC3 /* Pods-desdeCero.debug.xcconfig */;
			buildSettings = {
				ASSETCATALOG_COMPILER_APPICON_NAME = AppIcon;
				CODE_SIGN_STYLE = Automatic;
				DEVELOPMENT_TEAM = 58L7HA2WXK;
				INFOPLIST_FILE = desdeCero/Info.plist;
				LD_RUNPATH_SEARCH_PATHS = (
					"$(inherited)",
					"@executable_path/Frameworks",
				);
				PRODUCT_BUNDLE_IDENTIFIER = com.appcoda.desdeCero;
				PRODUCT_NAME = "$(TARGET_NAME)";
				SWIFT_VERSION = 5.0;
				TARGETED_DEVICE_FAMILY = "1,2";
			};
			name = Debug;
		};
		0B3CD2F52551E02B00828586 /* Release */ = {
			isa = XCBuildConfiguration;
			baseConfigurationReference = 672387C61E58B275255FBCA1 /* Pods-desdeCero.release.xcconfig */;
			buildSettings = {
				ASSETCATALOG_COMPILER_APPICON_NAME = AppIcon;
				CODE_SIGN_STYLE = Automatic;
				DEVELOPMENT_TEAM = 58L7HA2WXK;
				INFOPLIST_FILE = desdeCero/Info.plist;
				LD_RUNPATH_SEARCH_PATHS = (
					"$(inherited)",
					"@executable_path/Frameworks",
				);
				PRODUCT_BUNDLE_IDENTIFIER = com.appcoda.desdeCero;
				PRODUCT_NAME = "$(TARGET_NAME)";
				SWIFT_VERSION = 5.0;
				TARGETED_DEVICE_FAMILY = "1,2";
			};
			name = Release;
		};
/* End XCBuildConfiguration section */

/* Begin XCConfigurationList section */
		0B3CD2DA2551E02900828586 /* Build configuration list for PBXProject "desdeCero" */ = {
			isa = XCConfigurationList;
			buildConfigurations = (
				0B3CD2F12551E02B00828586 /* Debug */,
				0B3CD2F22551E02B00828586 /* Release */,
			);
			defaultConfigurationIsVisible = 0;
			defaultConfigurationName = Release;
		};
		0B3CD2F32551E02B00828586 /* Build configuration list for PBXNativeTarget "desdeCero" */ = {
			isa = XCConfigurationList;
			buildConfigurations = (
				0B3CD2F42551E02B00828586 /* Debug */,
				0B3CD2F52551E02B00828586 /* Release */,
			);
			defaultConfigurationIsVisible = 0;
			defaultConfigurationName = Release;
		};
/* End XCConfigurationList section */
	};
	rootObject = 0B3CD2D72551E02900828586 /* Project object */;
}
